
Microsoft Visual Studio Solution File, Format Version 12.00
# Visual Studio Version 16
VisualStudioVersion = 16.0.31402.337
MinimumVisualStudioVersion = 10.0.40219.1
Project("{9A19103F-16F7-4668-BE54-9A1E7A4F7556}") = "Infrastructure", "Infrastructure\Infrastructure.csproj", "{5BA96FAB-D122-4102-BE57-4D5079154527}"
EndProject
Project("{9A19103F-16F7-4668-BE54-9A1E7A4F7556}") = "Services", "..\Services\Services.csproj", "{7A10222F-A162-4597-8E8A-BF6CC51D9F29}"
EndProject
Project("{9A19103F-16F7-4668-BE54-9A1E7A4F7556}") = "WebAPI", "WebAPI\WebAPI.csproj", "{E5E5F8C6-9A86-463D-BE40-DF0A14913AE3}"
EndProject
Project("{9A19103F-16F7-4668-BE54-9A1E7A4F7556}") = "Domain", "..\Domain\Domain.csproj", "{254A6AEB-46B0-4AEA-9EEA-C483E6270C5A}"
EndProject
Global
	GlobalSection(SolutionConfigurationPlatforms) = preSolution
		Debug|Any CPU = Debug|Any CPU
		Release|Any CPU = Release|Any CPU
	EndGlobalSection
	GlobalSection(ProjectConfigurationPlatforms) = postSolution
		{5BA96FAB-D122-4102-BE57-4D5079154527}.Debug|Any CPU.ActiveCfg = Debug|Any CPU
		{5BA96FAB-D122-4102-BE57-4D5079154527}.Debug|Any CPU.Build.0 = Debug|Any CPU
		{5BA96FAB-D122-4102-BE57-4D5079154527}.Release|Any CPU.ActiveCfg = Release|Any CPU
		{5BA96FAB-D122-4102-BE57-4D5079154527}.Release|Any CPU.Build.0 = Release|Any CPU
		{7A10222F-A162-4597-8E8A-BF6CC51D9F29}.Debug|Any CPU.ActiveCfg = Debug|Any CPU
		{7A10222F-A162-4597-8E8A-BF6CC51D9F29}.Debug|Any CPU.Build.0 = Debug|Any CPU
		{7A10222F-A162-4597-8E8A-BF6CC51D9F29}.Release|Any CPU.ActiveCfg = Release|Any CPU
		{7A10222F-A162-4597-8E8A-BF6CC51D9F29}.Release|Any CPU.Build.0 = Release|Any CPU
		{E5E5F8C6-9A86-463D-BE40-DF0A14913AE3}.Debug|Any CPU.ActiveCfg = Debug|Any CPU
		{E5E5F8C6-9A86-463D-BE40-DF0A14913AE3}.Debug|Any CPU.Build.0 = Debug|Any CPU
		{E5E5F8C6-9A86-463D-BE40-DF0A14913AE3}.Release|Any CPU.ActiveCfg = Release|Any CPU
		{E5E5F8C6-9A86-463D-BE40-DF0A14913AE3}.Release|Any CPU.Build.0 = Release|Any CPU
		{254A6AEB-46B0-4AEA-9EEA-C483E6270C5A}.Debug|Any CPU.ActiveCfg = Debug|Any CPU
		{254A6AEB-46B0-4AEA-9EEA-C483E6270C5A}.Debug|Any CPU.Build.0 = Debug|Any CPU
		{254A6AEB-46B0-4AEA-9EEA-C483E6270C5A}.Release|Any CPU.ActiveCfg = Release|Any CPU
		{254A6AEB-46B0-4AEA-9EEA-C483E6270C5A}.Release|Any CPU.Build.0 = Release|Any CPU
	EndGlobalSection
	GlobalSection(SolutionProperties) = preSolution
		HideSolutionNode = FALSE
	EndGlobalSection
	GlobalSection(ExtensibilityGlobals) = postSolution
		SolutionGuid = {553F1D5D-6422-46CF-BECA-53E531D1F3A2}
	EndGlobalSection
EndGlobal
